<?xml version="1.0" encoding="utf-8"?>
<Project ToolsVersion="4.0" xmlns="http://schemas.microsoft.com/developer/msbuild/2003">
  <ItemGroup>
    <Filter Include="Source Files">
      <UniqueIdentifier>{4FC737F1-C7A5-4376-A066-2A32D752A2FF}</UniqueIdentifier>
      <Extensions>cpp;c;cc;cxx;c++;cppm;ixx;def;odl;idl;hpj;bat;asm;asmx</Extensions>
    </Filter>
    <Filter Include="Header Files">
      <UniqueIdentifier>{93995380-89BD-4b04-88EB-625FBE52EBFB}</UniqueIdentifier>
      <Extensions>h;hh;hpp;hxx;h++;hm;inl;inc;ipp;xsd</Extensions>
    </Filter>
    <Filter Include="Resource Files">
      <UniqueIdentifier>{67DA6AB6-F800-4c08-8B7A-83BB121AAD01}</UniqueIdentifier>
      <Extensions>rc;ico;cur;bmp;dlg;rc2;rct;bin;rgs;gif;jpg;jpeg;jpe;resx;tiff;tif;png;wav;mfcribbon-ms</Extensions>
    </Filter>
    <Filter Include="Header Files\nn">
      <UniqueIdentifier>{d039a237-81b2-4440-8098-5ca032a7d769}</UniqueIdentifier>
    </Filter>
    <Filter Include="Header Files\ml">
      <UniqueIdentifier>{c1d19607-5aad-4a97-908b-e137e99015ca}</UniqueIdentifier>
    </Filter>
  </ItemGroup>
  <ItemGroup>
    <ClCompile Include="Learn.cpp">
      <Filter>Source Files</Filter>
    </ClCompile>
  </ItemGroup>
  <ItemGroup>
    <ClInclude Include="DescriptionLearner.h">
      <Filter>Header Files</Filter>
    </ClInclude>
    <ClInclude Include="NeuralNetwork.h">
      <Filter>Header Files</Filter>
    </ClInclude>
    <ClInclude Include="DLearnerData.h">
      <Filter>Header Files\ml</Filter>
    </ClInclude>
    <ClInclude Include="DLearnerListData.h">
      <Filter>Header Files\ml</Filter>
    </ClInclude>
    <ClInclude Include="nn\NeuralNetworkTrainer.h">
      <Filter>Header Files\nn</Filter>
    </ClInclude>
    <ClInclude Include="nn\Neuron.h">
      <Filter>Header Files\nn</Filter>
    </ClInclude>
    <ClInclude Include="nn\NeuronLayer.h">
      <Filter>Header Files\nn</Filter>
    </ClInclude>
  </ItemGroup>
</Project>